
Microsoft Visual Studio Solution File, Format Version 12.00
# Visual Studio Version 17
VisualStudioVersion = 17.9.34728.123
MinimumVisualStudioVersion = 10.0.40219.1
Project("{FAE04EC0-301F-11D3-BF4B-00C04F79EFBC}") = "HttpGame", "HttpGame.csproj", "{CC5CF80B-ED6D-4144-8950-84B5DFB51E69}"
EndProject
Global
	GlobalSection(SolutionConfigurationPlatforms) = preSolution
		Debug|Any CPU = Debug|Any CPU
		Release|Any CPU = Release|Any CPU
	EndGlobalSection
	GlobalSection(ProjectConfigurationPlatforms) = postSolution
		{CC5CF80B-ED6D-4144-8950-84B5DFB51E69}.Debug|Any CPU.ActiveCfg = Debug|Any CPU
		{CC5CF80B-ED6D-4144-8950-84B5DFB51E69}.Debug|Any CPU.Build.0 = Debug|Any CPU
		{CC5CF80B-ED6D-4144-8950-84B5DFB51E69}.Release|Any CPU.ActiveCfg = Release|Any CPU
		{CC5CF80B-ED6D-4144-8950-84B5DFB51E69}.Release|Any CPU.Build.0 = Release|Any CPU
	EndGlobalSection
	GlobalSection(SolutionProperties) = preSolution
		HideSolutionNode = FALSE
	EndGlobalSection
	GlobalSection(ExtensibilityGlobals) = postSolution
		SolutionGuid = {08EA4B40-2598-452C-85E3-DE5F2393DECD}
	EndGlobalSection
EndGlobal
